
Microsoft Visual Studio Solution File, Format Version 12.00
# Visual Studio Version 16
VisualStudioVersion = 16.0.29318.209
MinimumVisualStudioVersion = 10.0.40219.1
Project("{FAE04EC0-301F-11D3-BF4B-00C04F79EFBC}") = "customListClassProject10082019", "customListClassProject10082019\customListClassProject10082019.csproj", "{4425075B-50BD-4198-9030-BB4FC07890A1}"
EndProject
Project("{FAE04EC0-301F-11D3-BF4B-00C04F79EFBC}") = "CustomListsTests", "CustomListsTests\CustomListsTests.csproj", "{6E2E4BD6-470B-4937-A8B1-3F69E8F1ED9C}"
EndProject
Global
	GlobalSection(SolutionConfigurationPlatforms) = preSolution
		Debug|Any CPU = Debug|Any CPU
		Release|Any CPU = Release|Any CPU
	EndGlobalSection
	GlobalSection(ProjectConfigurationPlatforms) = postSolution
		{4425075B-50BD-4198-9030-BB4FC07890A1}.Debug|Any CPU.ActiveCfg = Debug|Any CPU
		{4425075B-50BD-4198-9030-BB4FC07890A1}.Debug|Any CPU.Build.0 = Debug|Any CPU
		{4425075B-50BD-4198-9030-BB4FC07890A1}.Release|Any CPU.ActiveCfg = Release|Any CPU
		{4425075B-50BD-4198-9030-BB4FC07890A1}.Release|Any CPU.Build.0 = Release|Any CPU
		{6E2E4BD6-470B-4937-A8B1-3F69E8F1ED9C}.Debug|Any CPU.ActiveCfg = Debug|Any CPU
		{6E2E4BD6-470B-4937-A8B1-3F69E8F1ED9C}.Debug|Any CPU.Build.0 = Debug|Any CPU
		{6E2E4BD6-470B-4937-A8B1-3F69E8F1ED9C}.Release|Any CPU.ActiveCfg = Release|Any CPU
		{6E2E4BD6-470B-4937-A8B1-3F69E8F1ED9C}.Release|Any CPU.Build.0 = Release|Any CPU
	EndGlobalSection
	GlobalSection(SolutionProperties) = preSolution
		HideSolutionNode = FALSE
	EndGlobalSection
	GlobalSection(ExtensibilityGlobals) = postSolution
		SolutionGuid = {2E6D419F-48EB-453A-9388-1048A3857BB2}
	EndGlobalSection
EndGlobal
